
Microsoft Visual Studio Solution File, Format Version 12.00
# Visual Studio 15
VisualStudioVersion = 15.0.28307.329
MinimumVisualStudioVersion = 10.0.40219.1
Project("{FAE04EC0-301F-11D3-BF4B-00C04F79EFBC}") = "Simon-Moshe-Rafael2.0", "Simon-Moshe-Rafael2.0\Simon-Moshe-Rafael2.0.csproj", "{0CF96DD6-4C20-4EF4-AD54-3E11FBADFC42}"
EndProject
Global
	GlobalSection(SolutionConfigurationPlatforms) = preSolution
		Debug|Any CPU = Debug|Any CPU
		Release|Any CPU = Release|Any CPU
	EndGlobalSection
	GlobalSection(ProjectConfigurationPlatforms) = postSolution
		{0CF96DD6-4C20-4EF4-AD54-3E11FBADFC42}.Debug|Any CPU.ActiveCfg = Debug|Any CPU
		{0CF96DD6-4C20-4EF4-AD54-3E11FBADFC42}.Debug|Any CPU.Build.0 = Debug|Any CPU
		{0CF96DD6-4C20-4EF4-AD54-3E11FBADFC42}.Release|Any CPU.ActiveCfg = Release|Any CPU
		{0CF96DD6-4C20-4EF4-AD54-3E11FBADFC42}.Release|Any CPU.Build.0 = Release|Any CPU
	EndGlobalSection
	GlobalSection(SolutionProperties) = preSolution
		HideSolutionNode = FALSE
	EndGlobalSection
	GlobalSection(ExtensibilityGlobals) = postSolution
		SolutionGuid = {18262C86-9C9B-4D08-908C-06C830016059}
	EndGlobalSection
EndGlobal
